Microsoft Visual Studio Solution File, Format Version 12.00
# Visual Studio Version 17
VisualStudioVersion = 17.5.2.0
MinimumVisualStudioVersion = 10.0.40219.1
Project("{FAE04EC0-301F-11D3-BF4B-00C04F79EFBC}") = "GenericsIntro", "GenericsIntro.csproj", "{791A2A42-763A-6F8F-219F-246CC443711C}"
EndProject
Global
	GlobalSection(SolutionConfigurationPlatforms) = preSolution
		Debug|Any CPU = Debug|Any CPU
		Release|Any CPU = Release|Any CPU
	EndGlobalSection
	GlobalSection(ProjectConfigurationPlatforms) = postSolution
		{791A2A42-763A-6F8F-219F-246CC443711C}.Debug|Any CPU.ActiveCfg = Debug|Any CPU
		{791A2A42-763A-6F8F-219F-246CC443711C}.Debug|Any CPU.Build.0 = Debug|Any CPU
		{791A2A42-763A-6F8F-219F-246CC443711C}.Release|Any CPU.ActiveCfg = Release|Any CPU
		{791A2A42-763A-6F8F-219F-246CC443711C}.Release|Any CPU.Build.0 = Release|Any CPU
	EndGlobalSection
	GlobalSection(SolutionProperties) = preSolution
		HideSolutionNode = FALSE
	EndGlobalSection
	GlobalSection(ExtensibilityGlobals) = postSolution
		SolutionGuid = {2C1D3FFF-3966-4F30-BFE8-889BD00AE553}
	EndGlobalSection
EndGlobal
