Microsoft Visual Studio Solution File, Format Version 12.00
# Visual Studio Version 17
VisualStudioVersion = 17.5.2.0
MinimumVisualStudioVersion = 10.0.40219.1
Project("{FAE04EC0-301F-11D3-BF4B-00C04F79EFBC}") = "ShapeCalculation", "ShapeCalculation.csproj", "{1EBAD116-8015-60FB-D794-9EEF6332DB70}"
EndProject
Global
	GlobalSection(SolutionConfigurationPlatforms) = preSolution
		Debug|Any CPU = Debug|Any CPU
		Release|Any CPU = Release|Any CPU
	EndGlobalSection
	GlobalSection(ProjectConfigurationPlatforms) = postSolution
		{1EBAD116-8015-60FB-D794-9EEF6332DB70}.Debug|Any CPU.ActiveCfg = Debug|Any CPU
		{1EBAD116-8015-60FB-D794-9EEF6332DB70}.Debug|Any CPU.Build.0 = Debug|Any CPU
		{1EBAD116-8015-60FB-D794-9EEF6332DB70}.Release|Any CPU.ActiveCfg = Release|Any CPU
		{1EBAD116-8015-60FB-D794-9EEF6332DB70}.Release|Any CPU.Build.0 = Release|Any CPU
	EndGlobalSection
	GlobalSection(SolutionProperties) = preSolution
		HideSolutionNode = FALSE
	EndGlobalSection
	GlobalSection(ExtensibilityGlobals) = postSolution
		SolutionGuid = {76247C9E-B2B7-4936-BC1D-F0D5A6E8274F}
	EndGlobalSection
EndGlobal
