
Microsoft Visual Studio Solution File, Format Version 12.00
# Visual Studio Version 17
VisualStudioVersion = 17.5.2.0
MinimumVisualStudioVersion = 10.0.40219.1
Project("{FAE04EC0-301F-11D3-BF4B-00C04F79EFBC}") = "KampIntro", "KampIntro.csproj", "{9FB5AA70-711D-740E-DE96-B53EF2FED852}"
EndProject
Project("{FAE04EC0-301F-11D3-BF4B-00C04F79EFBC}") = "FinalProject", "..\FinalProject\FinalProject\FinalProject.csproj", "{F302D88D-A1E9-47FB-98D2-68C6C31EEB55}"
EndProject
Project("{FAE04EC0-301F-11D3-BF4B-00C04F79EFBC}") = "Constructor", "Constructor\Constructor.csproj", "{112285FA-408D-40B9-BB41-274321444AC6}"
EndProject
Project("{FAE04EC0-301F-11D3-BF4B-00C04F79EFBC}") = "Exception", "Exception\Exception.csproj", "{4CBABC93-F20F-40A9-ACEB-02829ADFE390}"
EndProject
Project("{FAE04EC0-301F-11D3-BF4B-00C04F79EFBC}") = "ADONet", "ADONet\ADONet.csproj", "{BE473274-5CF2-46DF-A930-78B1B2761680}"
EndProject
Project("{FAE04EC0-301F-11D3-BF4B-00C04F79EFBC}") = "EntityFramework", "EntityFramework\EntityFramework.csproj", "{604A4F3B-0A06-4A1B-AC6E-C76603674BD6}"
EndProject
Project("{FAE04EC0-301F-11D3-BF4B-00C04F79EFBC}") = "Attributes", "Attributes\Attributes.csproj", "{CEDE570B-ED29-498C-A55E-B61A7DABF46A}"
EndProject
Project("{FAE04EC0-301F-11D3-BF4B-00C04F79EFBC}") = "Reflections", "Reflections\Reflections.csproj", "{5E1C180B-AD1A-4EE2-B629-EFD9BB1AA195}"
EndProject
Project("{FAE04EC0-301F-11D3-BF4B-00C04F79EFBC}") = "ReflectionsDetails", "ReflectionsDetails\ReflectionsDetails.csproj", "{932C99ED-076C-432D-B4C2-825689D093D5}"
EndProject
Project("{FAE04EC0-301F-11D3-BF4B-00C04F79EFBC}") = "Delegates", "Delegates\Delegates.csproj", "{D0ECCADE-12D3-4A4B-AC4A-44ABBE4FC353}"
EndProject
Global
	GlobalSection(SolutionConfigurationPlatforms) = preSolution
		Debug|Any CPU = Debug|Any CPU
		Debug|x64 = Debug|x64
		Debug|x86 = Debug|x86
		Release|Any CPU = Release|Any CPU
		Release|x64 = Release|x64
		Release|x86 = Release|x86
	EndGlobalSection
	GlobalSection(ProjectConfigurationPlatforms) = postSolution
		{9FB5AA70-711D-740E-DE96-B53EF2FED852}.Debug|Any CPU.ActiveCfg = Debug|Any CPU
		{9FB5AA70-711D-740E-DE96-B53EF2FED852}.Debug|Any CPU.Build.0 = Debug|Any CPU
		{9FB5AA70-711D-740E-DE96-B53EF2FED852}.Debug|x64.ActiveCfg = Debug|Any CPU
		{9FB5AA70-711D-740E-DE96-B53EF2FED852}.Debug|x64.Build.0 = Debug|Any CPU
		{9FB5AA70-711D-740E-DE96-B53EF2FED852}.Debug|x86.ActiveCfg = Debug|Any CPU
		{9FB5AA70-711D-740E-DE96-B53EF2FED852}.Debug|x86.Build.0 = Debug|Any CPU
		{9FB5AA70-711D-740E-DE96-B53EF2FED852}.Release|Any CPU.ActiveCfg = Release|Any CPU
		{9FB5AA70-711D-740E-DE96-B53EF2FED852}.Release|Any CPU.Build.0 = Release|Any CPU
		{9FB5AA70-711D-740E-DE96-B53EF2FED852}.Release|x64.ActiveCfg = Release|Any CPU
		{9FB5AA70-711D-740E-DE96-B53EF2FED852}.Release|x64.Build.0 = Release|Any CPU
		{9FB5AA70-711D-740E-DE96-B53EF2FED852}.Release|x86.ActiveCfg = Release|Any CPU
		{9FB5AA70-711D-740E-DE96-B53EF2FED852}.Release|x86.Build.0 = Release|Any CPU
		{F302D88D-A1E9-47FB-98D2-68C6C31EEB55}.Debug|Any CPU.ActiveCfg = Debug|Any CPU
		{F302D88D-A1E9-47FB-98D2-68C6C31EEB55}.Debug|Any CPU.Build.0 = Debug|Any CPU
		{F302D88D-A1E9-47FB-98D2-68C6C31EEB55}.Debug|x64.ActiveCfg = Debug|Any CPU
		{F302D88D-A1E9-47FB-98D2-68C6C31EEB55}.Debug|x64.Build.0 = Debug|Any CPU
		{F302D88D-A1E9-47FB-98D2-68C6C31EEB55}.Debug|x86.ActiveCfg = Debug|Any CPU
		{F302D88D-A1E9-47FB-98D2-68C6C31EEB55}.Debug|x86.Build.0 = Debug|Any CPU
		{F302D88D-A1E9-47FB-98D2-68C6C31EEB55}.Release|Any CPU.ActiveCfg = Release|Any CPU
		{F302D88D-A1E9-47FB-98D2-68C6C31EEB55}.Release|Any CPU.Build.0 = Release|Any CPU
		{F302D88D-A1E9-47FB-98D2-68C6C31EEB55}.Release|x64.ActiveCfg = Release|Any CPU
		{F302D88D-A1E9-47FB-98D2-68C6C31EEB55}.Release|x64.Build.0 = Release|Any CPU
		{F302D88D-A1E9-47FB-98D2-68C6C31EEB55}.Release|x86.ActiveCfg = Release|Any CPU
		{F302D88D-A1E9-47FB-98D2-68C6C31EEB55}.Release|x86.Build.0 = Release|Any CPU
		{112285FA-408D-40B9-BB41-274321444AC6}.Debug|Any CPU.ActiveCfg = Debug|Any CPU
		{112285FA-408D-40B9-BB41-274321444AC6}.Debug|Any CPU.Build.0 = Debug|Any CPU
		{112285FA-408D-40B9-BB41-274321444AC6}.Debug|x64.ActiveCfg = Debug|Any CPU
		{112285FA-408D-40B9-BB41-274321444AC6}.Debug|x64.Build.0 = Debug|Any CPU
		{112285FA-408D-40B9-BB41-274321444AC6}.Debug|x86.ActiveCfg = Debug|Any CPU
		{112285FA-408D-40B9-BB41-274321444AC6}.Debug|x86.Build.0 = Debug|Any CPU
		{112285FA-408D-40B9-BB41-274321444AC6}.Release|Any CPU.ActiveCfg = Release|Any CPU
		{112285FA-408D-40B9-BB41-274321444AC6}.Release|Any CPU.Build.0 = Release|Any CPU
		{112285FA-408D-40B9-BB41-274321444AC6}.Release|x64.ActiveCfg = Release|Any CPU
		{112285FA-408D-40B9-BB41-274321444AC6}.Release|x64.Build.0 = Release|Any CPU
		{112285FA-408D-40B9-BB41-274321444AC6}.Release|x86.ActiveCfg = Release|Any CPU
		{112285FA-408D-40B9-BB41-274321444AC6}.Release|x86.Build.0 = Release|Any CPU
		{4CBABC93-F20F-40A9-ACEB-02829ADFE390}.Debug|Any CPU.ActiveCfg = Debug|Any CPU
		{4CBABC93-F20F-40A9-ACEB-02829ADFE390}.Debug|Any CPU.Build.0 = Debug|Any CPU
		{4CBABC93-F20F-40A9-ACEB-02829ADFE390}.Debug|x64.ActiveCfg = Debug|Any CPU
		{4CBABC93-F20F-40A9-ACEB-02829ADFE390}.Debug|x64.Build.0 = Debug|Any CPU
		{4CBABC93-F20F-40A9-ACEB-02829ADFE390}.Debug|x86.ActiveCfg = Debug|Any CPU
		{4CBABC93-F20F-40A9-ACEB-02829ADFE390}.Debug|x86.Build.0 = Debug|Any CPU
		{4CBABC93-F20F-40A9-ACEB-02829ADFE390}.Release|Any CPU.ActiveCfg = Release|Any CPU
		{4CBABC93-F20F-40A9-ACEB-02829ADFE390}.Release|Any CPU.Build.0 = Release|Any CPU
		{4CBABC93-F20F-40A9-ACEB-02829ADFE390}.Release|x64.ActiveCfg = Release|Any CPU
		{4CBABC93-F20F-40A9-ACEB-02829ADFE390}.Release|x64.Build.0 = Release|Any CPU
		{4CBABC93-F20F-40A9-ACEB-02829ADFE390}.Release|x86.ActiveCfg = Release|Any CPU
		{4CBABC93-F20F-40A9-ACEB-02829ADFE390}.Release|x86.Build.0 = Release|Any CPU
		{BE473274-5CF2-46DF-A930-78B1B2761680}.Debug|Any CPU.ActiveCfg = Debug|Any CPU
		{BE473274-5CF2-46DF-A930-78B1B2761680}.Debug|Any CPU.Build.0 = Debug|Any CPU
		{BE473274-5CF2-46DF-A930-78B1B2761680}.Debug|x64.ActiveCfg = Debug|Any CPU
		{BE473274-5CF2-46DF-A930-78B1B2761680}.Debug|x64.Build.0 = Debug|Any CPU
		{BE473274-5CF2-46DF-A930-78B1B2761680}.Debug|x86.ActiveCfg = Debug|Any CPU
		{BE473274-5CF2-46DF-A930-78B1B2761680}.Debug|x86.Build.0 = Debug|Any CPU
		{BE473274-5CF2-46DF-A930-78B1B2761680}.Release|Any CPU.ActiveCfg = Release|Any CPU
		{BE473274-5CF2-46DF-A930-78B1B2761680}.Release|Any CPU.Build.0 = Release|Any CPU
		{BE473274-5CF2-46DF-A930-78B1B2761680}.Release|x64.ActiveCfg = Release|Any CPU
		{BE473274-5CF2-46DF-A930-78B1B2761680}.Release|x64.Build.0 = Release|Any CPU
		{BE473274-5CF2-46DF-A930-78B1B2761680}.Release|x86.ActiveCfg = Release|Any CPU
		{BE473274-5CF2-46DF-A930-78B1B2761680}.Release|x86.Build.0 = Release|Any CPU
		{604A4F3B-0A06-4A1B-AC6E-C76603674BD6}.Debug|Any CPU.ActiveCfg = Debug|Any CPU
		{604A4F3B-0A06-4A1B-AC6E-C76603674BD6}.Debug|Any CPU.Build.0 = Debug|Any CPU
		{604A4F3B-0A06-4A1B-AC6E-C76603674BD6}.Debug|x64.ActiveCfg = Debug|Any CPU
		{604A4F3B-0A06-4A1B-AC6E-C76603674BD6}.Debug|x64.Build.0 = Debug|Any CPU
		{604A4F3B-0A06-4A1B-AC6E-C76603674BD6}.Debug|x86.ActiveCfg = Debug|Any CPU
		{604A4F3B-0A06-4A1B-AC6E-C76603674BD6}.Debug|x86.Build.0 = Debug|Any CPU
		{604A4F3B-0A06-4A1B-AC6E-C76603674BD6}.Release|Any CPU.ActiveCfg = Release|Any CPU
		{604A4F3B-0A06-4A1B-AC6E-C76603674BD6}.Release|Any CPU.Build.0 = Release|Any CPU
		{604A4F3B-0A06-4A1B-AC6E-C76603674BD6}.Release|x64.ActiveCfg = Release|Any CPU
		{604A4F3B-0A06-4A1B-AC6E-C76603674BD6}.Release|x64.Build.0 = Release|Any CPU
		{604A4F3B-0A06-4A1B-AC6E-C76603674BD6}.Release|x86.ActiveCfg = Release|Any CPU
		{604A4F3B-0A06-4A1B-AC6E-C76603674BD6}.Release|x86.Build.0 = Release|Any CPU
		{CEDE570B-ED29-498C-A55E-B61A7DABF46A}.Debug|Any CPU.ActiveCfg = Debug|Any CPU
		{CEDE570B-ED29-498C-A55E-B61A7DABF46A}.Debug|Any CPU.Build.0 = Debug|Any CPU
		{CEDE570B-ED29-498C-A55E-B61A7DABF46A}.Debug|x64.ActiveCfg = Debug|Any CPU
		{CEDE570B-ED29-498C-A55E-B61A7DABF46A}.Debug|x64.Build.0 = Debug|Any CPU
		{CEDE570B-ED29-498C-A55E-B61A7DABF46A}.Debug|x86.ActiveCfg = Debug|Any CPU
		{CEDE570B-ED29-498C-A55E-B61A7DABF46A}.Debug|x86.Build.0 = Debug|Any CPU
		{CEDE570B-ED29-498C-A55E-B61A7DABF46A}.Release|Any CPU.ActiveCfg = Release|Any CPU
		{CEDE570B-ED29-498C-A55E-B61A7DABF46A}.Release|Any CPU.Build.0 = Release|Any CPU
		{CEDE570B-ED29-498C-A55E-B61A7DABF46A}.Release|x64.ActiveCfg = Release|Any CPU
		{CEDE570B-ED29-498C-A55E-B61A7DABF46A}.Release|x64.Build.0 = Release|Any CPU
		{CEDE570B-ED29-498C-A55E-B61A7DABF46A}.Release|x86.ActiveCfg = Release|Any CPU
		{CEDE570B-ED29-498C-A55E-B61A7DABF46A}.Release|x86.Build.0 = Release|Any CPU
		{5E1C180B-AD1A-4EE2-B629-EFD9BB1AA195}.Debug|Any CPU.ActiveCfg = Debug|Any CPU
		{5E1C180B-AD1A-4EE2-B629-EFD9BB1AA195}.Debug|Any CPU.Build.0 = Debug|Any CPU
		{5E1C180B-AD1A-4EE2-B629-EFD9BB1AA195}.Debug|x64.ActiveCfg = Debug|Any CPU
		{5E1C180B-AD1A-4EE2-B629-EFD9BB1AA195}.Debug|x64.Build.0 = Debug|Any CPU
		{5E1C180B-AD1A-4EE2-B629-EFD9BB1AA195}.Debug|x86.ActiveCfg = Debug|Any CPU
		{5E1C180B-AD1A-4EE2-B629-EFD9BB1AA195}.Debug|x86.Build.0 = Debug|Any CPU
		{5E1C180B-AD1A-4EE2-B629-EFD9BB1AA195}.Release|Any CPU.ActiveCfg = Release|Any CPU
		{5E1C180B-AD1A-4EE2-B629-EFD9BB1AA195}.Release|Any CPU.Build.0 = Release|Any CPU
		{5E1C180B-AD1A-4EE2-B629-EFD9BB1AA195}.Release|x64.ActiveCfg = Release|Any CPU
		{5E1C180B-AD1A-4EE2-B629-EFD9BB1AA195}.Release|x64.Build.0 = Release|Any CPU
		{5E1C180B-AD1A-4EE2-B629-EFD9BB1AA195}.Release|x86.ActiveCfg = Release|Any CPU
		{5E1C180B-AD1A-4EE2-B629-EFD9BB1AA195}.Release|x86.Build.0 = Release|Any CPU
		{932C99ED-076C-432D-B4C2-825689D093D5}.Debug|Any CPU.ActiveCfg = Debug|Any CPU
		{932C99ED-076C-432D-B4C2-825689D093D5}.Debug|Any CPU.Build.0 = Debug|Any CPU
		{932C99ED-076C-432D-B4C2-825689D093D5}.Debug|x64.ActiveCfg = Debug|Any CPU
		{932C99ED-076C-432D-B4C2-825689D093D5}.Debug|x64.Build.0 = Debug|Any CPU
		{932C99ED-076C-432D-B4C2-825689D093D5}.Debug|x86.ActiveCfg = Debug|Any CPU
		{932C99ED-076C-432D-B4C2-825689D093D5}.Debug|x86.Build.0 = Debug|Any CPU
		{932C99ED-076C-432D-B4C2-825689D093D5}.Release|Any CPU.ActiveCfg = Release|Any CPU
		{932C99ED-076C-432D-B4C2-825689D093D5}.Release|Any CPU.Build.0 = Release|Any CPU
		{932C99ED-076C-432D-B4C2-825689D093D5}.Release|x64.ActiveCfg = Release|Any CPU
		{932C99ED-076C-432D-B4C2-825689D093D5}.Release|x64.Build.0 = Release|Any CPU
		{932C99ED-076C-432D-B4C2-825689D093D5}.Release|x86.ActiveCfg = Release|Any CPU
		{932C99ED-076C-432D-B4C2-825689D093D5}.Release|x86.Build.0 = Release|Any CPU
		{D0ECCADE-12D3-4A4B-AC4A-44ABBE4FC353}.Debug|Any CPU.ActiveCfg = Debug|Any CPU
		{D0ECCADE-12D3-4A4B-AC4A-44ABBE4FC353}.Debug|Any CPU.Build.0 = Debug|Any CPU
		{D0ECCADE-12D3-4A4B-AC4A-44ABBE4FC353}.Debug|x64.ActiveCfg = Debug|Any CPU
		{D0ECCADE-12D3-4A4B-AC4A-44ABBE4FC353}.Debug|x64.Build.0 = Debug|Any CPU
		{D0ECCADE-12D3-4A4B-AC4A-44ABBE4FC353}.Debug|x86.ActiveCfg = Debug|Any CPU
		{D0ECCADE-12D3-4A4B-AC4A-44ABBE4FC353}.Debug|x86.Build.0 = Debug|Any CPU
		{D0ECCADE-12D3-4A4B-AC4A-44ABBE4FC353}.Release|Any CPU.ActiveCfg = Release|Any CPU
		{D0ECCADE-12D3-4A4B-AC4A-44ABBE4FC353}.Release|Any CPU.Build.0 = Release|Any CPU
		{D0ECCADE-12D3-4A4B-AC4A-44ABBE4FC353}.Release|x64.ActiveCfg = Release|Any CPU
		{D0ECCADE-12D3-4A4B-AC4A-44ABBE4FC353}.Release|x64.Build.0 = Release|Any CPU
		{D0ECCADE-12D3-4A4B-AC4A-44ABBE4FC353}.Release|x86.ActiveCfg = Release|Any CPU
		{D0ECCADE-12D3-4A4B-AC4A-44ABBE4FC353}.Release|x86.Build.0 = Release|Any CPU
	EndGlobalSection
	GlobalSection(SolutionProperties) = preSolution
		HideSolutionNode = FALSE
	EndGlobalSection
	GlobalSection(ExtensibilityGlobals) = postSolution
		SolutionGuid = {444FE3B3-8F06-4E40-B953-17E6B7BBB4B8}
	EndGlobalSection
EndGlobal
