Microsoft Visual Studio Solution File, Format Version 12.00
# Visual Studio Version 17
VisualStudioVersion = 17.5.2.0
MinimumVisualStudioVersion = 10.0.40219.1
Project("{FAE04EC0-301F-11D3-BF4B-00C04F79EFBC}") = "Pratik", "Pratik.csproj", "{D25D4C2E-9A0B-E8A8-A3BA-06F1704A8E2B}"
EndProject
Global
	GlobalSection(SolutionConfigurationPlatforms) = preSolution
		Debug|Any CPU = Debug|Any CPU
		Release|Any CPU = Release|Any CPU
	EndGlobalSection
	GlobalSection(ProjectConfigurationPlatforms) = postSolution
		{D25D4C2E-9A0B-E8A8-A3BA-06F1704A8E2B}.Debug|Any CPU.ActiveCfg = Debug|Any CPU
		{D25D4C2E-9A0B-E8A8-A3BA-06F1704A8E2B}.Debug|Any CPU.Build.0 = Debug|Any CPU
		{D25D4C2E-9A0B-E8A8-A3BA-06F1704A8E2B}.Release|Any CPU.ActiveCfg = Release|Any CPU
		{D25D4C2E-9A0B-E8A8-A3BA-06F1704A8E2B}.Release|Any CPU.Build.0 = Release|Any CPU
	EndGlobalSection
	GlobalSection(SolutionProperties) = preSolution
		HideSolutionNode = FALSE
	EndGlobalSection
	GlobalSection(ExtensibilityGlobals) = postSolution
		SolutionGuid = {330809D2-3754-41BD-87E1-15C9934D6A14}
	EndGlobalSection
EndGlobal
